
Microsoft Visual Studio Solution File, Format Version 12.00
# Visual Studio Version 16
VisualStudioVersion = 16.0.30907.101
MinimumVisualStudioVersion = 10.0.40219.1
Project("{FAE04EC0-301F-11D3-BF4B-00C04F79EFBC}") = "Exercício 2 M", "Exercício 2 M\Exercício 2 M.csproj", "{A6A92A27-FD26-49B0-A02F-75659527A051}"
EndProject
Global
	GlobalSection(SolutionConfigurationPlatforms) = preSolution
		Debug|Any CPU = Debug|Any CPU
		Release|Any CPU = Release|Any CPU
	EndGlobalSection
	GlobalSection(ProjectConfigurationPlatforms) = postSolution
		{A6A92A27-FD26-49B0-A02F-75659527A051}.Debug|Any CPU.ActiveCfg = Debug|Any CPU
		{A6A92A27-FD26-49B0-A02F-75659527A051}.Debug|Any CPU.Build.0 = Debug|Any CPU
		{A6A92A27-FD26-49B0-A02F-75659527A051}.Release|Any CPU.ActiveCfg = Release|Any CPU
		{A6A92A27-FD26-49B0-A02F-75659527A051}.Release|Any CPU.Build.0 = Release|Any CPU
	EndGlobalSection
	GlobalSection(SolutionProperties) = preSolution
		HideSolutionNode = FALSE
	EndGlobalSection
	GlobalSection(ExtensibilityGlobals) = postSolution
		SolutionGuid = {59CD21E3-3121-4B2C-9BD0-9C363AB0F51E}
	EndGlobalSection
EndGlobal
